lockfileVersion: '9.0'

settings:
  autoInstallPeers: true
  excludeLinksFromLockfile: false

importers:
  .:
    dependencies:
      '@prisma/client':
        specifier: ^5.10.0
        version: 5.10.0
      express:
        specifier: ^4.22.1
        version: 4.22.1
      knex:
        specifier: ^3.1.0
        version: 3.1.0
      mongoose:
        specifier: ^7.6.0
        version: 7.6.0
      pg:
        specifier: ^8.11.3
        version: 8.11.3
      request:
        specifier: ^2.88.0
        version: 2.88.0
      zod:
        specifier: ^3.23.8
        version: 3.23.8
    devDependencies:
      prisma:
        specifier: ^5.10.0
        version: 5.10.0
